// !$*UTF8*$!
{
	archiveVersion = 1;
	classes = {
	};
	objectVersion = 77;
	objects = {

/* Begin PBXBuildFile section */
		788992D53051EEE9006F8A4D /* OnboardingStorage.swift in Sources */ = {isa = PBXBuildFile; fileRef = 788992D43051EEE9006F8A4D /* OnboardingStorage.swift */; };
/* End PBXBuildFile section */

/* Begin PBXContainerItemProxy section */
		78D78B7D301FA2A400EC6EBF /* PBXContainerItemProxy */ = {
			isa = PBXContainerItemProxy;
			containerPortal = 78D78B5E301FA2A300EC6EBF /* Project object */;
			proxyType = 1;
			remoteGlobalIDString = 78D78B65301FA2A300EC6EBF;
			remoteInfo = Tracker;
		};
		78D78B87301FA2A400EC6EBF /* PBXContainerItemProxy */ = {
			isa = PBXContainerItemProxy;
			containerPortal = 78D78B5E301FA2A300EC6EBF /* Project object */;
			proxyType = 1;
			remoteGlobalIDString = 78D78B65301FA2A300EC6EBF;
			remoteInfo = Tracker;
		};
/* End PBXContainerItemProxy section */

/* Begin PBXFileReference section */
		788992D43051EEE9006F8A4D /* OnboardingStorage.swift */ = {isa = PBXFileReference; lastKnownFileType = sourcecode.swift; path = OnboardingStorage.swift; sourceTree = "<group>"; };
		78D78B66301FA2A300EC6EBF /* Tracker.app */ = {isa = PBXFileReference; explicitFileType = wrapper.application; includeInIndex = 0; path = Tracker.app; sourceTree = BUILT_PRODUCTS_DIR; };
		78D78B7C301FA2A400EC6EBF /* TrackerTests.xctest */ = {isa = PBXFileReference; explicitFileType = wrapper.cfbundle; includeInIndex = 0; path = TrackerTests.xctest; sourceTree = BUILT_PRODUCTS_DIR; };
		78D78B86301FA2A400EC6EBF /* TrackerUITests.xctest */ = {isa = PBXFileReference; explicitFileType = wrapper.cfbundle; includeInIndex = 0; path = TrackerUITests.xctest; sourceTree = BUILT_PRODUCTS_DIR; };
/* End PBXFileReference section */

/* Begin PBXFileSystemSynchronizedBuildFileExceptionSet section */
		78AE21963023C4AA00047489 /* Exceptions for "Statistics" folder in "Tracker" target */ = {
			isa = PBXFileSystemSynchronizedBuildFileExceptionSet;
			membershipExceptions = (
				StatisticsViewController.swift,
			);
			target = 78D78B65301FA2A300EC6EBF /* Tracker */;
		};
		78AE21973023C4AA00047489 /* Exceptions for "Trackers" folder in "Tracker" target */ = {
			isa = PBXFileSystemSynchronizedBuildFileExceptionSet;
			membershipExceptions = (
				TrackersCollectionViewCell.swift,
				TrackerSectionHeaderView.swift,
				TrackersPresenter.swift,
				TrackersViewController.swift,
			);
			target = 78D78B65301FA2A300EC6EBF /* Tracker */;
		};
		78AE227830252D2400047489 /* Exceptions for "TrackerTests" folder in "Tracker" target */ = {
			isa = PBXFileSystemSynchronizedBuildFileExceptionSet;
			membershipExceptions = (
				Mocks/MockData.swift,
			);
			target = 78D78B65301FA2A300EC6EBF /* Tracker */;
		};
		78AE227930252D2400047489 /* Exceptions for "TrackerTests" folder in "TrackerTests" target */ = {
			isa = PBXFileSystemSynchronizedBuildFileExceptionSet;
			membershipExceptions = (
				Mocks/MockData.swift,
			);
			target = 78D78B7B301FA2A400EC6EBF /* TrackerTests */;
		};
		78D78B8E301FA2A400EC6EBF /* Exceptions for "Tracker" folder in "Tracker" target */ = {
			isa = PBXFileSystemSynchronizedBuildFileExceptionSet;
			membershipExceptions = (
				Info.plist,
			);
			target = 78D78B65301FA2A300EC6EBF /* Tracker */;
		};
/* End PBXFileSystemSynchronizedBuildFileExceptionSet section */

/* Begin PBXFileSystemSynchronizedRootGroup section */
		780D8FF23053FDB800DBB258 /* NewCategory */ = {
			isa = PBXFileSystemSynchronizedRootGroup;
			path = NewCategory;
			sourceTree = "<group>";
		};
		783224BE3034F9C900E10A62 /* NewTracker */ = {
			isa = PBXFileSystemSynchronizedRootGroup;
			path = NewTracker;
			sourceTree = "<group>";
		};
		783225343038B09400E10A62 /* Schedule */ = {
			isa = PBXFileSystemSynchronizedRootGroup;
			path = Schedule;
			sourceTree = "<group>";
		};
		786A7041305301E300E6EA9E /* Category */ = {
			isa = PBXFileSystemSynchronizedRootGroup;
			path = Category;
			sourceTree = "<group>";
		};
		788992CF3051E0D4006F8A4D /* Onboarding */ = {
			isa = PBXFileSystemSynchronizedRootGroup;
			path = Onboarding;
			sourceTree = "<group>";
		};
		78AE218E3023C4AA00047489 /* Statistics */ = {
			isa = PBXFileSystemSynchronizedRootGroup;
			exceptions = (
				78AE21963023C4AA00047489 /* Exceptions for "Statistics" folder in "Tracker" target */,
			);
			path = Statistics;
			sourceTree = "<group>";
		};
		78AE21903023C4AA00047489 /* TabBar */ = {
			isa = PBXFileSystemSynchronizedRootGroup;
			path = TabBar;
			sourceTree = "<group>";
		};
		78AE21923023C4AA00047489 /* Trackers */ = {
			isa = PBXFileSystemSynchronizedRootGroup;
			exceptions = (
				78AE21973023C4AA00047489 /* Exceptions for "Trackers" folder in "Tracker" target */,
			);
			path = Trackers;
			sourceTree = "<group>";
		};
		78AE21983023C4B300047489 /* Models */ = {
			isa = PBXFileSystemSynchronizedRootGroup;
			path = Models;
			sourceTree = "<group>";
		};
		78CA1EE7304B00BA0093CF87 /* CoreData */ = {
			isa = PBXFileSystemSynchronizedRootGroup;
			path = CoreData;
			sourceTree = "<group>";
		};
		78D78B68301FA2A300EC6EBF /* Tracker */ = {
			isa = PBXFileSystemSynchronizedRootGroup;
			exceptions = (
				78D78B8E301FA2A400EC6EBF /* Exceptions for "Tracker" folder in "Tracker" target */,
			);
			path = Tracker;
			sourceTree = "<group>";
		};
		78D78B7F301FA2A400EC6EBF /* TrackerTests */ = {
			isa = PBXFileSystemSynchronizedRootGroup;
			exceptions = (
				78AE227830252D2400047489 /* Exceptions for "TrackerTests" folder in "Tracker" target */,
				78AE227930252D2400047489 /* Exceptions for "TrackerTests" folder in "TrackerTests" target */,
			);
			path = TrackerTests;
			sourceTree = "<group>";
		};
		78D78B89301FA2A400EC6EBF /* TrackerUITests */ = {
			isa = PBXFileSystemSynchronizedRootGroup;
			path = TrackerUITests;
			sourceTree = "<group>";
		};
/* End PBXFileSystemSynchronizedRootGroup section */

/* Begin PBXFrameworksBuildPhase section */
		78D78B63301FA2A300EC6EBF /* Frameworks */ = {
			isa = PBXFrameworksBuildPhase;
			buildActionMask = 2147483647;
			files = (
			);
			runOnlyForDeploymentPostprocessing = 0;
		};
		78D78B79301FA2A400EC6EBF /* Frameworks */ = {
			isa = PBXFrameworksBuildPhase;
			buildActionMask = 2147483647;
			files = (
			);
			runOnlyForDeploymentPostprocessing = 0;
		};
		78D78B83301FA2A400EC6EBF /* Frameworks */ = {
			isa = PBXFrameworksBuildPhase;
			buildActionMask = 2147483647;
			files = (
			);
			runOnlyForDeploymentPostprocessing = 0;
		};
/* End PBXFrameworksBuildPhase section */

/* Begin PBXGroup section */
		7832253B3038DB4D00E10A62 /* Services */ = {
			isa = PBXGroup;
			children = (
				78CA1EE7304B00BA0093CF87 /* CoreData */,
				788992D43051EEE9006F8A4D /* OnboardingStorage.swift */,
			);
			path = Services;
			sourceTree = "<group>";
		};
		78D78B5D301FA2A300EC6EBF = {
			isa = PBXGroup;
			children = (
				780D8FF23053FDB800DBB258 /* NewCategory */,
				786A7041305301E300E6EA9E /* Category */,
				788992CF3051E0D4006F8A4D /* Onboarding */,
				7832253B3038DB4D00E10A62 /* Services */,
				783225343038B09400E10A62 /* Schedule */,
				783224BE3034F9C900E10A62 /* NewTracker */,
				78AE21983023C4B300047489 /* Models */,
				78AE218E3023C4AA00047489 /* Statistics */,
				78AE21903023C4AA00047489 /* TabBar */,
				78AE21923023C4AA00047489 /* Trackers */,
				78D78B68301FA2A300EC6EBF /* Tracker */,
				78D78B7F301FA2A400EC6EBF /* TrackerTests */,
				78D78B89301FA2A400EC6EBF /* TrackerUITests */,
				78D78B67301FA2A300EC6EBF /* Products */,
			);
			sourceTree = "<group>";
		};
		78D78B67301FA2A300EC6EBF /* Products */ = {
			isa = PBXGroup;
			children = (
				78D78B66301FA2A300EC6EBF /* Tracker.app */,
				78D78B7C301FA2A400EC6EBF /* TrackerTests.xctest */,
				78D78B86301FA2A400EC6EBF /* TrackerUITests.xctest */,
			);
			name = Products;
			sourceTree = "<group>";
		};
/* End PBXGroup section */

/* Begin PBXNativeTarget section */
		78D78B65301FA2A300EC6EBF /* Tracker */ = {
			isa = PBXNativeTarget;
			buildConfigurationList = 78D78B8F301FA2A400EC6EBF /* Build configuration list for PBXNativeTarget "Tracker" */;
			buildPhases = (
				78D78B62301FA2A300EC6EBF /* Sources */,
				78D78B63301FA2A300EC6EBF /* Frameworks */,
				78D78B64301FA2A300EC6EBF /* Resources */,
			);
			buildRules = (
			);
			dependencies = (
			);
			fileSystemSynchronizedGroups = (
				780D8FF23053FDB800DBB258 /* NewCategory */,
				783224BE3034F9C900E10A62 /* NewTracker */,
				783225343038B09400E10A62 /* Schedule */,
				786A7041305301E300E6EA9E /* Category */,
				788992CF3051E0D4006F8A4D /* Onboarding */,
				78AE21903023C4AA00047489 /* TabBar */,
				78AE21983023C4B300047489 /* Models */,
				78CA1EE7304B00BA0093CF87 /* CoreData */,
				78D78B68301FA2A300EC6EBF /* Tracker */,
			);
			name = Tracker;
			packageProductDependencies = (
			);
			productName = Tracker;
			productReference = 78D78B66301FA2A300EC6EBF /* Tracker.app */;
			productType = "com.apple.product-type.application";
		};
		78D78B7B301FA2A400EC6EBF /* TrackerTests */ = {
			isa = PBXNativeTarget;
			buildConfigurationList = 78D78B94301FA2A400EC6EBF /* Build configuration list for PBXNativeTarget "TrackerTests" */;
			buildPhases = (
				78D78B78301FA2A400EC6EBF /* Sources */,
				78D78B79301FA2A400EC6EBF /* Frameworks */,
				78D78B7A301FA2A400EC6EBF /* Resources */,
			);
			buildRules = (
			);
			dependencies = (
				78D78B7E301FA2A400EC6EBF /* PBXTargetDependency */,
			);
			fileSystemSynchronizedGroups = (
				78D78B7F301FA2A400EC6EBF /* TrackerTests */,
			);
			name = TrackerTests;
			packageProductDependencies = (
			);
			productName = TrackerTests;
			productReference = 78D78B7C301FA2A400EC6EBF /* TrackerTests.xctest */;
			productType = "com.apple.product-type.bundle.unit-test";
		};
		78D78B85301FA2A400EC6EBF /* TrackerUITests */ = {
			isa = PBXNativeTarget;
			buildConfigurationList = 78D78B97301FA2A400EC6EBF /* Build configuration list for PBXNativeTarget "TrackerUITests" */;
			buildPhases = (
				78D78B82301FA2A400EC6EBF /* Sources */,
				78D78B83301FA2A400EC6EBF /* Frameworks */,
				78D78B84301FA2A400EC6EBF /* Resources */,
			);
			buildRules = (
			);
			dependencies = (
				78D78B88301FA2A400EC6EBF /* PBXTargetDependency */,
			);
			fileSystemSynchronizedGroups = (
				78D78B89301FA2A400EC6EBF /* TrackerUITests */,
			);
			name = TrackerUITests;
			packageProductDependencies = (
			);
			productName = TrackerUITests;
			productReference = 78D78B86301FA2A400EC6EBF /* TrackerUITests.xctest */;
			productType = "com.apple.product-type.bundle.ui-testing";
		};
/* End PBXNativeTarget section */

/* Begin PBXProject section */
		78D78B5E301FA2A300EC6EBF /* Project object */ = {
			isa = PBXProject;
			attributes = {
				BuildIndependentTargetsInParallel = 1;
				LastSwiftUpdateCheck = 2620;
				LastUpgradeCheck = 2620;
				TargetAttributes = {
					78D78B65301FA2A300EC6EBF = {
						CreatedOnToolsVersion = 26.2;
					};
					78D78B7B301FA2A400EC6EBF = {
						CreatedOnToolsVersion = 26.2;
						TestTargetID = 78D78B65301FA2A300EC6EBF;
					};
					78D78B85301FA2A400EC6EBF = {
						CreatedOnToolsVersion = 26.2;
						TestTargetID = 78D78B65301FA2A300EC6EBF;
					};
				};
			};
			buildConfigurationList = 78D78B61301FA2A300EC6EBF /* Build configuration list for PBXProject "Tracker" */;
			developmentRegion = en;
			hasScannedForEncodings = 0;
			knownRegions = (
				en,
				Base,
			);
			mainGroup = 78D78B5D301FA2A300EC6EBF;
			minimizedProjectReferenceProxies = 1;
			preferredProjectObjectVersion = 77;
			productRefGroup = 78D78B67301FA2A300EC6EBF /* Products */;
			projectDirPath = "";
			projectRoot = "";
			targets = (
				78D78B65301FA2A300EC6EBF /* Tracker */,
				78D78B7B301FA2A400EC6EBF /* TrackerTests */,
				78D78B85301FA2A400EC6EBF /* TrackerUITests */,
			);
		};
/* End PBXProject section */

/* Begin PBXResourcesBuildPhase section */
		78D78B64301FA2A300EC6EBF /* Resources */ = {
			isa = PBXResourcesBuildPhase;
			buildActionMask = 2147483647;
			files = (
			);
			runOnlyForDeploymentPostprocessing = 0;
		};
		78D78B7A301FA2A400EC6EBF /* Resources */ = {
			isa = PBXResourcesBuildPhase;
			buildActionMask = 2147483647;
			files = (
			);
			runOnlyForDeploymentPostprocessing = 0;
		};
		78D78B84301FA2A400EC6EBF /* Resources */ = {
			isa = PBXResourcesBuildPhase;
			buildActionMask = 2147483647;
			files = (
			);
			runOnlyForDeploymentPostprocessing = 0;
		};
/* End PBXResourcesBuildPhase section */

/* Begin PBXSourcesBuildPhase section */
		78D78B62301FA2A300EC6EBF /* Sources */ = {
			isa = PBXSourcesBuildPhase;
			buildActionMask = 2147483647;
			files = (
				788992D53051EEE9006F8A4D /* OnboardingStorage.swift in Sources */,
			);
			runOnlyForDeploymentPostprocessing = 0;
		};
		78D78B78301FA2A400EC6EBF /* Sources */ = {
			isa = PBXSourcesBuildPhase;
			buildActionMask = 2147483647;
			files = (
			);
			runOnlyForDeploymentPostprocessing = 0;
		};
		78D78B82301FA2A400EC6EBF /* Sources */ = {
			isa = PBXSourcesBuildPhase;
			buildActionMask = 2147483647;
			files = (
			);
			runOnlyForDeploymentPostprocessing = 0;
		};
/* End PBXSourcesBuildPhase section */

/* Begin PBXTargetDependency section */
		78D78B7E301FA2A400EC6EBF /* PBXTargetDependency */ = {
			isa = PBXTargetDependency;
			target = 78D78B65301FA2A300EC6EBF /* Tracker */;
			targetProxy = 78D78B7D301FA2A400EC6EBF /* PBXContainerItemProxy */;
		};
		78D78B88301FA2A400EC6EBF /* PBXTargetDependency */ = {
			isa = PBXTargetDependency;
			target = 78D78B65301FA2A300EC6EBF /* Tracker */;
			targetProxy = 78D78B87301FA2A400EC6EBF /* PBXContainerItemProxy */;
		};
/* End PBXTargetDependency section */

/* Begin XCBuildConfiguration section */
		78D78B90301FA2A400EC6EBF /* Debug */ = {
			isa = XCBuildConfiguration;
			buildSettings = {
				ASSETCATALOG_COMPILER_APPICON_NAME = AppIcon;
				ASSETCATALOG_COMPILER_GLOBAL_ACCENT_COLOR_NAME = AccentColor;
				CODE_SIGN_STYLE = Automatic;
				CURRENT_PROJECT_VERSION = 1;
				DEVELOPMENT_TEAM = 8F34SBQA5F;
				GENERATE_INFOPLIST_FILE = YES;
				INFOPLIST_FILE = Tracker/Info.plist;
				INFOPLIST_KEY_UIApplicationSupportsIndirectInputEvents = YES;
				INFOPLIST_KEY_UILaunchStoryboardName = LaunchScreen;
				INFOPLIST_KEY_UISupportedInterfaceOrientations_iPad = "UIInterfaceOrientationPortrait UIInterfaceOrientationPortraitUpsideDown UIInterfaceOrientationLandscapeLeft UIInterfaceOrientationLandscapeRight";
				INFOPLIST_KEY_UISupportedInterfaceOrientations_iPhone = "UIInterfaceOrientationPortrait UIInterfaceOrientationLandscapeLeft UIInterfaceOrientationLandscapeRight";
				IPHONEOS_DEPLOYMENT_TARGET = 17.0;
				LD_RUNPATH_SEARCH_PATHS = (
					"$(inherited)",
					"@executable_path/Frameworks",
				);
				MARKETING_VERSION = 1.0;
				PRODUCT_BUNDLE_IDENTIFIER = ru.yandex.practicum.Tracker;
				PRODUCT_NAME = "$(TARGET_NAME)";
				STRING_CATALOG_GENERATE_SYMBOLS = YES;
				SWIFT_APPROACHABLE_CONCURRENCY = YES;
				SWIFT_DEFAULT_ACTOR_ISOLATION = MainActor;
				SWIFT_EMIT_LOC_STRINGS = YES;
				SWIFT_UPCOMING_FEATURE_MEMBER_IMPORT_VISIBILITY = YES;
				SWIFT_VERSION = 5.0;
				TARGETED_DEVICE_FAMILY = "1,2";
			};
			name = Debug;
		};
		78D78B91301FA2A400EC6EBF /* Release */ = {
			isa = XCBuildConfiguration;
			buildSettings = {
				ASSETCATALOG_COMPILER_APPICON_NAME = AppIcon;
				ASSETCATALOG_COMPILER_GLOBAL_ACCENT_COLOR_NAME = AccentColor;
				CODE_SIGN_STYLE = Automatic;
				CURRENT_PROJECT_VERSION = 1;
				DEVELOPMENT_TEAM = 8F34SBQA5F;
				GENERATE_INFOPLIST_FILE = YES;
				INFOPLIST_FILE = Tracker/Info.plist;
				INFOPLIST_KEY_UIApplicationSupportsIndirectInputEvents = YES;
				INFOPLIST_KEY_UILaunchStoryboardName = LaunchScreen;
				INFOPLIST_KEY_UISupportedInterfaceOrientations_iPad = "UIInterfaceOrientationPortrait UIInterfaceOrientationPortraitUpsideDown UIInterfaceOrientationLandscapeLeft UIInterfaceOrientationLandscapeRight";
				INFOPLIST_KEY_UISupportedInterfaceOrientations_iPhone = "UIInterfaceOrientationPortrait UIInterfaceOrientationLandscapeLeft UIInterfaceOrientationLandscapeRight";
				IPHONEOS_DEPLOYMENT_TARGET = 17.0;
				LD_RUNPATH_SEARCH_PATHS = (
					"$(inherited)",
					"@executable_path/Frameworks",
				);
				MARKETING_VERSION = 1.0;
				PRODUCT_BUNDLE_IDENTIFIER = ru.yandex.practicum.Tracker;
				PRODUCT_NAME = "$(TARGET_NAME)";
				STRING_CATALOG_GENERATE_SYMBOLS = YES;
				SWIFT_APPROACHABLE_CONCURRENCY = YES;
				SWIFT_DEFAULT_ACTOR_ISOLATION = MainActor;
				SWIFT_EMIT_LOC_STRINGS = YES;
				SWIFT_UPCOMING_FEATURE_MEMBER_IMPORT_VISIBILITY = YES;
				SWIFT_VERSION = 5.0;
				TARGETED_DEVICE_FAMILY = "1,2";
			};
			name = Release;
		};
		78D78B92301FA2A400EC6EBF /* Debug */ = {
			isa = XCBuildConfiguration;
			buildSettings = {
				ALWAYS_SEARCH_USER_PATHS = NO;
				ASSETCATALOG_COMPILER_GENERATE_SWIFT_ASSET_SYMBOL_EXTENSIONS = YES;
				CLANG_ANALYZER_NONNULL = YES;
				CLANG_ANALYZER_NUMBER_OBJECT_CONVERSION = YES_AGGRESSIVE;
				CLANG_CXX_LANGUAGE_STANDARD = "gnu++20";
				CLANG_ENABLE_MODULES = YES;
				CLANG_ENABLE_OBJC_ARC = YES;
				CLANG_ENABLE_OBJC_WEAK = YES;
				CLANG_WARN_BLOCK_CAPTURE_AUTORELEASING = YES;
				CLANG_WARN_BOOL_CONVERSION = YES;
				CLANG_WARN_COMMA = YES;
				CLANG_WARN_CONSTANT_CONVERSION = YES;
				CLANG_WARN_DEPRECATED_OBJC_IMPLEMENTATIONS = YES;
				CLANG_WARN_DIRECT_OBJC_ISA_USAGE = YES_ERROR;
				CLANG_WARN_DOCUMENTATION_COMMENTS = YES;
				CLANG_WARN_EMPTY_BODY = YES;
				CLANG_WARN_ENUM_CONVERSION = YES;
				CLANG_WARN_INFINITE_RECURSION = YES;
				CLANG_WARN_INT_CONVERSION = YES;
				CLANG_WARN_NON_LITERAL_NULL_CONVERSION = YES;
				CLANG_WARN_OBJC_IMPLICIT_RETAIN_SELF = YES;
				CLANG_WARN_OBJC_LITERAL_CONVERSION = YES;
				CLANG_WARN_OBJC_ROOT_CLASS = YES_ERROR;
				CLANG_WARN_QUOTED_INCLUDE_IN_FRAMEWORK_HEADER = YES;
				CLANG_WARN_RANGE_LOOP_ANALYSIS = YES;
				CLANG_WARN_STRICT_PROTOTYPES = YES;
				CLANG_WARN_SUSPICIOUS_MOVE = YES;
				CLANG_WARN_UNGUARDED_AVAILABILITY = YES_AGGRESSIVE;
				CLANG_WARN_UNREACHABLE_CODE = YES;
				CLANG_WARN__DUPLICATE_METHOD_MATCH = YES;
				COPY_PHASE_STRIP = NO;
				DEBUG_INFORMATION_FORMAT = dwarf;
				DEVELOPMENT_TEAM = 8F34SBQA5F;
				ENABLE_STRICT_OBJC_MSGSEND = YES;
				ENABLE_TESTABILITY = YES;
				ENABLE_USER_SCRIPT_SANDBOXING = YES;
				GCC_C_LANGUAGE_STANDARD = gnu17;
				GCC_DYNAMIC_NO_PIC = NO;
				GCC_NO_COMMON_BLOCKS = YES;
				GCC_OPTIMIZATION_LEVEL = 0;
				GCC_PREPROCESSOR_DEFINITIONS = (
					"DEBUG=1",
					"$(inherited)",
				);
				GCC_WARN_64_TO_32_BIT_CONVERSION = YES;
				GCC_WARN_ABOUT_RETURN_TYPE = YES_ERROR;
				GCC_WARN_UNDECLARED_SELECTOR = YES;
				GCC_WARN_UNINITIALIZED_AUTOS = YES_AGGRESSIVE;
				GCC_WARN_UNUSED_FUNCTION = YES;
				GCC_WARN_UNUSED_VARIABLE = YES;
				IPHONEOS_DEPLOYMENT_TARGET = 26.2;
				LOCALIZATION_PREFERS_STRING_CATALOGS = YES;
				MTL_ENABLE_DEBUG_INFO = INCLUDE_SOURCE;
				MTL_FAST_MATH = YES;
				ONLY_ACTIVE_ARCH = YES;
				SDKROOT = iphoneos;
				SWIFT_ACTIVE_COMPILATION_CONDITIONS = "DEBUG $(inherited)";
				SWIFT_OPTIMIZATION_LEVEL = "-Onone";
			};
			name = Debug;
		};
		78D78B93301FA2A400EC6EBF /* Release */ = {
			isa = XCBuildConfiguration;
			buildSettings = {
				ALWAYS_SEARCH_USER_PATHS = NO;
				ASSETCATALOG_COMPILER_GENERATE_SWIFT_ASSET_SYMBOL_EXTENSIONS = YES;
				CLANG_ANALYZER_NONNULL = YES;
				CLANG_ANALYZER_NUMBER_OBJECT_CONVERSION = YES_AGGRESSIVE;
				CLANG_CXX_LANGUAGE_STANDARD = "gnu++20";
				CLANG_ENABLE_MODULES = YES;
				CLANG_ENABLE_OBJC_ARC = YES;
				CLANG_ENABLE_OBJC_WEAK = YES;
				CLANG_WARN_BLOCK_CAPTURE_AUTORELEASING = YES;
				CLANG_WARN_BOOL_CONVERSION = YES;
				CLANG_WARN_COMMA = YES;
				CLANG_WARN_CONSTANT_CONVERSION = YES;
				CLANG_WARN_DEPRECATED_OBJC_IMPLEMENTATIONS = YES;
				CLANG_WARN_DIRECT_OBJC_ISA_USAGE = YES_ERROR;
				CLANG_WARN_DOCUMENTATION_COMMENTS = YES;
				CLANG_WARN_EMPTY_BODY = YES;
				CLANG_WARN_ENUM_CONVERSION = YES;
				CLANG_WARN_INFINITE_RECURSION = YES;
				CLANG_WARN_INT_CONVERSION = YES;
				CLANG_WARN_NON_LITERAL_NULL_CONVERSION = YES;
				CLANG_WARN_OBJC_IMPLICIT_RETAIN_SELF = YES;
				CLANG_WARN_OBJC_LITERAL_CONVERSION = YES;
				CLANG_WARN_OBJC_ROOT_CLASS = YES_ERROR;
				CLANG_WARN_QUOTED_INCLUDE_IN_FRAMEWORK_HEADER = YES;
				CLANG_WARN_RANGE_LOOP_ANALYSIS = YES;
				CLANG_WARN_STRICT_PROTOTYPES = YES;
				CLANG_WARN_SUSPICIOUS_MOVE = YES;
				CLANG_WARN_UNGUARDED_AVAILABILITY = YES_AGGRESSIVE;
				CLANG_WARN_UNREACHABLE_CODE = YES;
				CLANG_WARN__DUPLICATE_METHOD_MATCH = YES;
				COPY_PHASE_STRIP = NO;
				DEBUG_INFORMATION_FORMAT = "dwarf-with-dsym";
				DEVELOPMENT_TEAM = 8F34SBQA5F;
				ENABLE_NS_ASSERTIONS = NO;
				ENABLE_STRICT_OBJC_MSGSEND = YES;
				ENABLE_USER_SCRIPT_SANDBOXING = YES;
				GCC_C_LANGUAGE_STANDARD = gnu17;
				GCC_NO_COMMON_BLOCKS = YES;
				GCC_WARN_64_TO_32_BIT_CONVERSION = YES;
				GCC_WARN_ABOUT_RETURN_TYPE = YES_ERROR;
				GCC_WARN_UNDECLARED_SELECTOR = YES;
				GCC_WARN_UNINITIALIZED_AUTOS = YES_AGGRESSIVE;
				GCC_WARN_UNUSED_FUNCTION = YES;
				GCC_WARN_UNUSED_VARIABLE = YES;
				IPHONEOS_DEPLOYMENT_TARGET = 26.2;
				LOCALIZATION_PREFERS_STRING_CATALOGS = YES;
				MTL_ENABLE_DEBUG_INFO = NO;
				MTL_FAST_MATH = YES;
				SDKROOT = iphoneos;
				SWIFT_COMPILATION_MODE = wholemodule;
				VALIDATE_PRODUCT = YES;
			};
			name = Release;
		};
		78D78B95301FA2A400EC6EBF /* Debug */ = {
			isa = XCBuildConfiguration;
			buildSettings = {
				BUNDLE_LOADER = "$(TEST_HOST)";
				CODE_SIGN_STYLE = Automatic;
				CURRENT_PROJECT_VERSION = 1;
				DEVELOPMENT_TEAM = 8F34SBQA5F;
				GENERATE_INFOPLIST_FILE = YES;
				IPHONEOS_DEPLOYMENT_TARGET = 26.2;
				MARKETING_VERSION = 1.0;
				PRODUCT_BUNDLE_IDENTIFIER = ru.yandex.practicum.TrackerTests;
				PRODUCT_NAME = "$(TARGET_NAME)";
				STRING_CATALOG_GENERATE_SYMBOLS = NO;
				SWIFT_APPROACHABLE_CONCURRENCY = YES;
				SWIFT_EMIT_LOC_STRINGS = NO;
				SWIFT_UPCOMING_FEATURE_MEMBER_IMPORT_VISIBILITY = YES;
				SWIFT_VERSION = 5.0;
				TARGETED_DEVICE_FAMILY = "1,2";
				TEST_HOST = "$(BUILT_PRODUCTS_DIR)/Tracker.app/$(BUNDLE_EXECUTABLE_FOLDER_PATH)/Tracker";
			};
			name = Debug;
		};
		78D78B96301FA2A400EC6EBF /* Release */ = {
			isa = XCBuildConfiguration;
			buildSettings = {
				BUNDLE_LOADER = "$(TEST_HOST)";
				CODE_SIGN_STYLE = Automatic;
				CURRENT_PROJECT_VERSION = 1;
				DEVELOPMENT_TEAM = 8F34SBQA5F;
				GENERATE_INFOPLIST_FILE = YES;
				IPHONEOS_DEPLOYMENT_TARGET = 26.2;
				MARKETING_VERSION = 1.0;
				PRODUCT_BUNDLE_IDENTIFIER = ru.yandex.practicum.TrackerTests;
				PRODUCT_NAME = "$(TARGET_NAME)";
				STRING_CATALOG_GENERATE_SYMBOLS = NO;
				SWIFT_APPROACHABLE_CONCURRENCY = YES;
				SWIFT_EMIT_LOC_STRINGS = NO;
				SWIFT_UPCOMING_FEATURE_MEMBER_IMPORT_VISIBILITY = YES;
				SWIFT_VERSION = 5.0;
				TARGETED_DEVICE_FAMILY = "1,2";
				TEST_HOST = "$(BUILT_PRODUCTS_DIR)/Tracker.app/$(BUNDLE_EXECUTABLE_FOLDER_PATH)/Tracker";
			};
			name = Release;
		};
		78D78B98301FA2A400EC6EBF /* Debug */ = {
			isa = XCBuildConfiguration;
			buildSettings = {
				CODE_SIGN_STYLE = Automatic;
				CURRENT_PROJECT_VERSION = 1;
				DEVELOPMENT_TEAM = 8F34SBQA5F;
				GENERATE_INFOPLIST_FILE = YES;
				MARKETING_VERSION = 1.0;
				PRODUCT_BUNDLE_IDENTIFIER = ru.yandex.practicum.TrackerUITests;
				PRODUCT_NAME = "$(TARGET_NAME)";
				STRING_CATALOG_GENERATE_SYMBOLS = NO;
				SWIFT_APPROACHABLE_CONCURRENCY = YES;
				SWIFT_EMIT_LOC_STRINGS = NO;
				SWIFT_UPCOMING_FEATURE_MEMBER_IMPORT_VISIBILITY = YES;
				SWIFT_VERSION = 5.0;
				TARGETED_DEVICE_FAMILY = "1,2";
				TEST_TARGET_NAME = Tracker;
			};
			name = Debug;
		};
		78D78B99301FA2A400EC6EBF /* Release */ = {
			isa = XCBuildConfiguration;
			buildSettings = {
				CODE_SIGN_STYLE = Automatic;
				CURRENT_PROJECT_VERSION = 1;
				DEVELOPMENT_TEAM = 8F34SBQA5F;
				GENERATE_INFOPLIST_FILE = YES;
				MARKETING_VERSION = 1.0;
				PRODUCT_BUNDLE_IDENTIFIER = ru.yandex.practicum.TrackerUITests;
				PRODUCT_NAME = "$(TARGET_NAME)";
				STRING_CATALOG_GENERATE_SYMBOLS = NO;
				SWIFT_APPROACHABLE_CONCURRENCY = YES;
				SWIFT_EMIT_LOC_STRINGS = NO;
				SWIFT_UPCOMING_FEATURE_MEMBER_IMPORT_VISIBILITY = YES;
				SWIFT_VERSION = 5.0;
				TARGETED_DEVICE_FAMILY = "1,2";
				TEST_TARGET_NAME = Tracker;
			};
			name = Release;
		};
/* End XCBuildConfiguration section */

/* Begin XCConfigurationList section */
		78D78B61301FA2A300EC6EBF /* Build configuration list for PBXProject "Tracker" */ = {
			isa = XCConfigurationList;
			buildConfigurations = (
				78D78B92301FA2A400EC6EBF /* Debug */,
				78D78B93301FA2A400EC6EBF /* Release */,
			);
			defaultConfigurationIsVisible = 0;
			defaultConfigurationName = Release;
		};
		78D78B8F301FA2A400EC6EBF /* Build configuration list for PBXNativeTarget "Tracker" */ = {
			isa = XCConfigurationList;
			buildConfigurations = (
				78D78B90301FA2A400EC6EBF /* Debug */,
				78D78B91301FA2A400EC6EBF /* Release */,
			);
			defaultConfigurationIsVisible = 0;
			defaultConfigurationName = Release;
		};
		78D78B94301FA2A400EC6EBF /* Build configuration list for PBXNativeTarget "TrackerTests" */ = {
			isa = XCConfigurationList;
			buildConfigurations = (
				78D78B95301FA2A400EC6EBF /* Debug */,
				78D78B96301FA2A400EC6EBF /* Release */,
			);
			defaultConfigurationIsVisible = 0;
			defaultConfigurationName = Release;
		};
		78D78B97301FA2A400EC6EBF /* Build configuration list for PBXNativeTarget "TrackerUITests" */ = {
			isa = XCConfigurationList;
			buildConfigurations = (
				78D78B98301FA2A400EC6EBF /* Debug */,
				78D78B99301FA2A400EC6EBF /* Release */,
			);
			defaultConfigurationIsVisible = 0;
			defaultConfigurationName = Release;
		};
/* End XCConfigurationList section */
	};
	rootObject = 78D78B5E301FA2A300EC6EBF /* Project object */;
}
